
Microsoft Visual Studio Solution File, Format Version 12.00
# Visual Studio 15
VisualStudioVersion = 15.0.28307.438
MinimumVisualStudioVersion = 10.0.40219.1
Project("{FAE04EC0-301F-11D3-BF4B-00C04F79EFBC}") = "WindowsFigura", "WindowsFigura\WindowsFigura.csproj", "{644E6EA3-E104-4366-9441-E0D57B3555C1}"
EndProject
Global
	GlobalSection(SolutionConfigurationPlatforms) = preSolution
		Debug|Any CPU = Debug|Any CPU
		Release|Any CPU = Release|Any CPU
	EndGlobalSection
	GlobalSection(ProjectConfigurationPlatforms) = postSolution
		{644E6EA3-E104-4366-9441-E0D57B3555C1}.Debug|Any CPU.ActiveCfg = Debug|Any CPU
		{644E6EA3-E104-4366-9441-E0D57B3555C1}.Debug|Any CPU.Build.0 = Debug|Any CPU
		{644E6EA3-E104-4366-9441-E0D57B3555C1}.Release|Any CPU.ActiveCfg = Release|Any CPU
		{644E6EA3-E104-4366-9441-E0D57B3555C1}.Release|Any CPU.Build.0 = Release|Any CPU
	EndGlobalSection
	GlobalSection(SolutionProperties) = preSolution
		HideSolutionNode = FALSE
	EndGlobalSection
	GlobalSection(ExtensibilityGlobals) = postSolution
		SolutionGuid = {654B6752-650D-4C27-ABA4-ABB77CC0F933}
	EndGlobalSection
EndGlobal
